{
  "nodes": {
    "nixpkgs": {
      "locked": {
        "lastModified": 1736523798,
        "narHash": "sha256-Xb8mke6UCYjge9kPR9o4P1nVrhk7QBbKv3xQ9cj7h2s=",
        "owner": "nixos",
        "repo": "nixpkgs",
        "rev": "130595eba61081acde9001f43de3248d8888ac4a",
        "type": "github"
      },
      "original": {
        "owner": "nixos",
        "ref": "nixos-unstable",
        "repo": "nixpkgs",
        "type": "github"
      }
    },
    "nixpkgs_2": {
      "locked": {
        "lastModified": 1736320768,
        "narHash": "sha256-nIYdTAiKIGnFNugbomgBJR+Xv5F1ZQU+HfaBqJKroC0=",
        "owner": "NixOS",
        "repo": "nixpkgs",
        "rev": "4bc9c909d9ac828a039f288cf872d16d38185db8",
        "type": "github"
      },
      "original": {
        "owner": "NixOS",
        "ref": "nixpkgs-unstable",
        "repo": "nixpkgs",
        "type": "github"
      }
    },
    "root": {
      "inputs": {
        "nixpkgs": "nixpkgs",
        "rust-overlay": "rust-overlay",
        "sp1-src": "sp1-src",
        "systems": "systems"
      }
    },
    "rust-overlay": {
      "inputs": {
        "nixpkgs": "nixpkgs_2"
      },
      "locked": {
        "lastModified": 1736700680,
        "narHash": "sha256-9gmWIb8xsycWHEYpd2SiVIAZnUULX6Y+IMMZBcDUCQU=",
        "owner": "oxalica",
        "repo": "rust-overlay",
        "rev": "5d1865c0da63b4c949f383d982b6b43519946e8f",
        "type": "github"
      },
      "original": {
        "owner": "oxalica",
        "repo": "rust-overlay",
        "type": "github"
      }
    },
    "sp1-src": {
      "flake": false,
      "locked": {
        "lastModified": 1736447855,
        "narHash": "sha256-XDYIwxovwd1rupQUKZkTOjEuxMGt432CYssoSO80QIY=",
        "owner": "succinctlabs",
        "repo": "sp1",
        "rev": "dbe622aa4a6a33c88d76298c2a29a1d7ef7e90df",
        "type": "github"
      },
      "original": {
        "owner": "succinctlabs",
        "repo": "sp1",
        "type": "github"
      }
    },
    "systems": {
      "locked": {
        "lastModified": 1681028828,
        "narHash": "sha256-Vy1rq5AaRuLzOxct8nz4T6wlgyUR7zLU309k9mBC768=",
        "owner": "nix-systems",
        "repo": "default",
        "rev": "da67096a3b9bf56a91d16901293e51ba5b49a27e",
        "type": "github"
      },
      "original": {
        "owner": "nix-systems",
        "repo": "default",
        "type": "github"
      }
    }
  },
  "root": "root",
  "version": 7
}
